
Microsoft Visual Studio Solution File, Format Version 12.00
# Visual Studio Version 16
VisualStudioVersion = 16.0.33328.57
MinimumVisualStudioVersion = 10.0.40219.1
Project("{FAE04EC0-301F-11D3-BF4B-00C04F79EFBC}") = "Life_02", "Life_02.csproj", "{76E29D31-B2EE-43CC-AEDB-6ED3779268D0}"
EndProject
Global
	GlobalSection(SolutionConfigurationPlatforms) = preSolution
		Debug|Any CPU = Debug|Any CPU
		Release|Any CPU = Release|Any CPU
	EndGlobalSection
	GlobalSection(ProjectConfigurationPlatforms) = postSolution
		{76E29D31-B2EE-43CC-AEDB-6ED3779268D0}.Debug|Any CPU.ActiveCfg = Debug|Any CPU
		{76E29D31-B2EE-43CC-AEDB-6ED3779268D0}.Debug|Any CPU.Build.0 = Debug|Any CPU
		{76E29D31-B2EE-43CC-AEDB-6ED3779268D0}.Release|Any CPU.ActiveCfg = Release|Any CPU
		{76E29D31-B2EE-43CC-AEDB-6ED3779268D0}.Release|Any CPU.Build.0 = Release|Any CPU
	EndGlobalSection
	GlobalSection(SolutionProperties) = preSolution
		HideSolutionNode = FALSE
	EndGlobalSection
	GlobalSection(ExtensibilityGlobals) = postSolution
		SolutionGuid = {774C12E1-7096-4FB4-BE7F-96ECE912484E}
	EndGlobalSection
EndGlobal
